
Microsoft Visual Studio Solution File, Format Version 12.00
Project("{FAE04EC0-301F-11D3-BF4B-00C04F79EFBC}") = "DeepClone.SourceGenerator", "DeepClone.SourceGenerator\DeepClone.SourceGenerator.csproj", "{6398F0C9-95BB-42DC-B41B-9258D1B0910B}"
EndProject
Project("{FAE04EC0-301F-11D3-BF4B-00C04F79EFBC}") = "DeepClone.SourceGenerator.Tests", "DeepClone.SourceGenerator.Tests\DeepClone.SourceGenerator.Tests.csproj", "{C8719F78-DF3F-4252-9DDB-F73001C14B53}"
EndProject
Global
	GlobalSection(SolutionConfigurationPlatforms) = preSolution
		Debug|Any CPU = Debug|Any CPU
		Release|Any CPU = Release|Any CPU
	EndGlobalSection
	GlobalSection(ProjectConfigurationPlatforms) = postSolution
		{6398F0C9-95BB-42DC-B41B-9258D1B0910B}.Debug|Any CPU.ActiveCfg = Debug|Any CPU
		{6398F0C9-95BB-42DC-B41B-9258D1B0910B}.Debug|Any CPU.Build.0 = Debug|Any CPU
		{6398F0C9-95BB-42DC-B41B-9258D1B0910B}.Release|Any CPU.ActiveCfg = Release|Any CPU
		{6398F0C9-95BB-42DC-B41B-9258D1B0910B}.Release|Any CPU.Build.0 = Release|Any CPU
		{C8719F78-DF3F-4252-9DDB-F73001C14B53}.Debug|Any CPU.ActiveCfg = Debug|Any CPU
		{C8719F78-DF3F-4252-9DDB-F73001C14B53}.Debug|Any CPU.Build.0 = Debug|Any CPU
		{C8719F78-DF3F-4252-9DDB-F73001C14B53}.Release|Any CPU.ActiveCfg = Release|Any CPU
		{C8719F78-DF3F-4252-9DDB-F73001C14B53}.Release|Any CPU.Build.0 = Release|Any CPU
	EndGlobalSection
EndGlobal
